{
    "version": "0.5",
    "requires": [
        "spdlog/1.15.3#855569172102c04e3e0db21ae95cf017%1767604739.328",
        "spdlog/1.14.1#0c58e5559d0409d1fadfc39f51393c11%1767604741.016",
        "fmt/11.2.0#579bb2cdf4a7607621beea4eb4651e0f%1746298708.362",
        "fmt/10.2.1#658771bb858b77f380be2ebb22c338e9%1735899167.615"
    ],
    "build_requires": [],
    "python_requires": [],
    "config_requires": []
}
